{
  "name": "FUNKtional",
  "version": "1.0.0",
  "lockfileVersion": 1,
  "requires": true,
  "dependencies": {
    "daggy": {
      "version": "1.2.0",
      "resolved": "https://registry.npmjs.org/daggy/-/daggy-1.2.0.tgz",
      "integrity": "sha1-8BUfz/1Y8XQtY9jFOnVW6EsljLQ=",
      "requires": {
        "sanctuary-type-classes": "3.0.0",
        "sanctuary-type-identifiers": "1.0.0"
      }
    },
    "fantasy-promises": {
      "version": "0.1.0",
      "resolved": "https://registry.npmjs.org/fantasy-promises/-/fantasy-promises-0.1.0.tgz",
      "integrity": "sha1-K0TE+gWJtVkhLO0rOZ3jg6cQQCA="
    },
    "sanctuary-type-classes": {
      "version": "3.0.0",
      "resolved": "https://registry.npmjs.org/sanctuary-type-classes/-/sanctuary-type-classes-3.0.0.tgz",
      "integrity": "sha1-5M9CKrzrjHi29iXYTWH9tcbUQRY=",
      "requires": {
        "sanctuary-type-identifiers": "1.0.0"
      }
    },
    "sanctuary-type-identifiers": {
      "version": "1.0.0",
      "resolved": "https://registry.npmjs.org/sanctuary-type-identifiers/-/sanctuary-type-identifiers-1.0.0.tgz",
      "integrity": "sha1-6PNZ8AbLXmJM+4RkYD/BFGCL3p8="
    }
  }
}
